
Microsoft Visual Studio Solution File, Format Version 12.00
# Visual Studio Version 17
VisualStudioVersion = 17.7.34031.279
MinimumVisualStudioVersion = 10.0.40219.1
Project("{FAE04EC0-301F-11D3-BF4B-00C04F79EFBC}") = "mvc-sample", "mvc-sample.csproj", "{B7BD36F9-74D9-4D79-97E0-D3CC74926493}"
EndProject
Global
	GlobalSection(SolutionConfigurationPlatforms) = preSolution
		Debug|Any CPU = Debug|Any CPU
		Release|Any CPU = Release|Any CPU
	EndGlobalSection
	GlobalSection(ProjectConfigurationPlatforms) = postSolution
		{B7BD36F9-74D9-4D79-97E0-D3CC74926493}.Debug|Any CPU.ActiveCfg = Debug|Any CPU
		{B7BD36F9-74D9-4D79-97E0-D3CC74926493}.Debug|Any CPU.Build.0 = Debug|Any CPU
		{B7BD36F9-74D9-4D79-97E0-D3CC74926493}.Release|Any CPU.ActiveCfg = Release|Any CPU
		{B7BD36F9-74D9-4D79-97E0-D3CC74926493}.Release|Any CPU.Build.0 = Release|Any CPU
	EndGlobalSection
	GlobalSection(SolutionProperties) = preSolution
		HideSolutionNode = FALSE
	EndGlobalSection
	GlobalSection(ExtensibilityGlobals) = postSolution
		SolutionGuid = {44B4A784-1552-4AD5-B01A-4D34EE93E34B}
	EndGlobalSection
EndGlobal
